
Microsoft Visual Studio Solution File, Format Version 12.00
# Visual Studio Version 16
VisualStudioVersion = 16.0.31410.357
MinimumVisualStudioVersion = 10.0.40219.1
Project("{FAE04EC0-301F-11D3-BF4B-00C04F79EFBC}") = "SolucionParaEmpresaElSol", "SolucionParaEmpresaElSol\SolucionParaEmpresaElSol.csproj", "{EAF2AC01-7211-473F-B3D7-774C890F59B0}"
EndProject
Global
	GlobalSection(SolutionConfigurationPlatforms) = preSolution
		Debug|Any CPU = Debug|Any CPU
		Release|Any CPU = Release|Any CPU
	EndGlobalSection
	GlobalSection(ProjectConfigurationPlatforms) = postSolution
		{EAF2AC01-7211-473F-B3D7-774C890F59B0}.Debug|Any CPU.ActiveCfg = Debug|Any CPU
		{EAF2AC01-7211-473F-B3D7-774C890F59B0}.Debug|Any CPU.Build.0 = Debug|Any CPU
		{EAF2AC01-7211-473F-B3D7-774C890F59B0}.Release|Any CPU.ActiveCfg = Release|Any CPU
		{EAF2AC01-7211-473F-B3D7-774C890F59B0}.Release|Any CPU.Build.0 = Release|Any CPU
	EndGlobalSection
	GlobalSection(SolutionProperties) = preSolution
		HideSolutionNode = FALSE
	EndGlobalSection
	GlobalSection(ExtensibilityGlobals) = postSolution
		SolutionGuid = {C781BED8-05A7-4300-ABB6-CCC2222FF600}
	EndGlobalSection
EndGlobal
